Microsoft Visual Studio Solution File, Format Version 12.00
# Visual Studio Version 17
VisualStudioVersion = 17.5.2.0
MinimumVisualStudioVersion = 10.0.40219.1
Project("{FAE04EC0-301F-11D3-BF4B-00C04F79EFBC}") = "GuidedPettingZoo", "GuidedPettingZoo.csproj", "{5EF0E73C-94C8-BFBE-2246-67EABB6198A8}"
EndProject
Global
	GlobalSection(SolutionConfigurationPlatforms) = preSolution
		Debug|Any CPU = Debug|Any CPU
		Release|Any CPU = Release|Any CPU
	EndGlobalSection
	GlobalSection(ProjectConfigurationPlatforms) = postSolution
		{5EF0E73C-94C8-BFBE-2246-67EABB6198A8}.Debug|Any CPU.ActiveCfg = Debug|Any CPU
		{5EF0E73C-94C8-BFBE-2246-67EABB6198A8}.Debug|Any CPU.Build.0 = Debug|Any CPU
		{5EF0E73C-94C8-BFBE-2246-67EABB6198A8}.Release|Any CPU.ActiveCfg = Release|Any CPU
		{5EF0E73C-94C8-BFBE-2246-67EABB6198A8}.Release|Any CPU.Build.0 = Release|Any CPU
	EndGlobalSection
	GlobalSection(SolutionProperties) = preSolution
		HideSolutionNode = FALSE
	EndGlobalSection
	GlobalSection(ExtensibilityGlobals) = postSolution
		SolutionGuid = {741CEFD5-F66C-43A6-8055-921CD7B5DE0C}
	EndGlobalSection
EndGlobal
